
Microsoft Visual Studio Solution File, Format Version 12.00
# Visual Studio Version 17
VisualStudioVersion = 17.12.35527.113 d17.12
MinimumVisualStudioVersion = 10.0.40219.1
Project("{FAE04EC0-301F-11D3-BF4B-00C04F79EFBC}") = "AdventOfCode2024", "AdventOfCode2024\AdventOfCode2024.csproj", "{214B3B32-1A5D-4D99-A129-0B41AF9D2EBD}"
EndProject
Project("{FAE04EC0-301F-11D3-BF4B-00C04F79EFBC}") = "AdventOfCode2025", "AdventOfCode2025\AdventOfCode2025.csproj", "{C2B3BAAD-6D60-45EF-94CA-9290DA6784BE}"
EndProject
Global
	GlobalSection(SolutionConfigurationPlatforms) = preSolution
		Debug|Any CPU = Debug|Any CPU
		Release|Any CPU = Release|Any CPU
	EndGlobalSection
	GlobalSection(ProjectConfigurationPlatforms) = postSolution
		{214B3B32-1A5D-4D99-A129-0B41AF9D2EBD}.Debug|Any CPU.ActiveCfg = Debug|Any CPU
		{214B3B32-1A5D-4D99-A129-0B41AF9D2EBD}.Debug|Any CPU.Build.0 = Debug|Any CPU
		{214B3B32-1A5D-4D99-A129-0B41AF9D2EBD}.Release|Any CPU.ActiveCfg = Release|Any CPU
		{214B3B32-1A5D-4D99-A129-0B41AF9D2EBD}.Release|Any CPU.Build.0 = Release|Any CPU
		{C2B3BAAD-6D60-45EF-94CA-9290DA6784BE}.Debug|Any CPU.ActiveCfg = Debug|Any CPU
		{C2B3BAAD-6D60-45EF-94CA-9290DA6784BE}.Debug|Any CPU.Build.0 = Debug|Any CPU
		{C2B3BAAD-6D60-45EF-94CA-9290DA6784BE}.Release|Any CPU.ActiveCfg = Release|Any CPU
		{C2B3BAAD-6D60-45EF-94CA-9290DA6784BE}.Release|Any CPU.Build.0 = Release|Any CPU
	EndGlobalSection
	GlobalSection(SolutionProperties) = preSolution
		HideSolutionNode = FALSE
	EndGlobalSection
EndGlobal
